
Microsoft Visual Studio Solution File, Format Version 12.00
# Visual Studio 15
VisualStudioVersion = 15.0.26730.16
MinimumVisualStudioVersion = 10.0.40219.1
Project("{FAE04EC0-301F-11D3-BF4B-00C04F79EFBC}") = "customer aggregation", "customer aggregation\customer aggregation.csproj", "{B4E074B4-273D-4E1A-8C21-AC7C64CF8878}"
EndProject
Global
	GlobalSection(SolutionConfigurationPlatforms) = preSolution
		Debug|Any CPU = Debug|Any CPU
		Release|Any CPU = Release|Any CPU
	EndGlobalSection
	GlobalSection(ProjectConfigurationPlatforms) = postSolution
		{B4E074B4-273D-4E1A-8C21-AC7C64CF8878}.Debug|Any CPU.ActiveCfg = Debug|Any CPU
		{B4E074B4-273D-4E1A-8C21-AC7C64CF8878}.Debug|Any CPU.Build.0 = Debug|Any CPU
		{B4E074B4-273D-4E1A-8C21-AC7C64CF8878}.Release|Any CPU.ActiveCfg = Release|Any CPU
		{B4E074B4-273D-4E1A-8C21-AC7C64CF8878}.Release|Any CPU.Build.0 = Release|Any CPU
	EndGlobalSection
	GlobalSection(SolutionProperties) = preSolution
		HideSolutionNode = FALSE
	EndGlobalSection
	GlobalSection(ExtensibilityGlobals) = postSolution
		SolutionGuid = {D1052FBA-E8C0-4FB4-B6E0-937DFA16ED34}
	EndGlobalSection
EndGlobal
