
Microsoft Visual Studio Solution File, Format Version 12.00
# Visual Studio 15
VisualStudioVersion = 15.0.26730.16
MinimumVisualStudioVersion = 10.0.40219.1
Project("{FAE04EC0-301F-11D3-BF4B-00C04F79EFBC}") = "abstracttask", "abstracttask\abstracttask.csproj", "{9F5904A1-B1D5-4205-A320-1BD0FC6B694D}"
EndProject
Global
	GlobalSection(SolutionConfigurationPlatforms) = preSolution
		Debug|Any CPU = Debug|Any CPU
		Release|Any CPU = Release|Any CPU
	EndGlobalSection
	GlobalSection(ProjectConfigurationPlatforms) = postSolution
		{9F5904A1-B1D5-4205-A320-1BD0FC6B694D}.Debug|Any CPU.ActiveCfg = Debug|Any CPU
		{9F5904A1-B1D5-4205-A320-1BD0FC6B694D}.Debug|Any CPU.Build.0 = Debug|Any CPU
		{9F5904A1-B1D5-4205-A320-1BD0FC6B694D}.Release|Any CPU.ActiveCfg = Release|Any CPU
		{9F5904A1-B1D5-4205-A320-1BD0FC6B694D}.Release|Any CPU.Build.0 = Release|Any CPU
	EndGlobalSection
	GlobalSection(SolutionProperties) = preSolution
		HideSolutionNode = FALSE
	EndGlobalSection
	GlobalSection(ExtensibilityGlobals) = postSolution
		SolutionGuid = {02282F07-3FB8-4844-812A-328E7FD85C32}
	EndGlobalSection
EndGlobal
