
Microsoft Visual Studio Solution File, Format Version 12.00
# Visual Studio 15
VisualStudioVersion = 15.0.26730.16
MinimumVisualStudioVersion = 10.0.40219.1
Project("{FAE04EC0-301F-11D3-BF4B-00C04F79EFBC}") = "arrays", "arrays\arrays.csproj", "{99217D55-4951-4ED2-A888-EF2A02405268}"
EndProject
Global
	GlobalSection(SolutionConfigurationPlatforms) = preSolution
		Debug|Any CPU = Debug|Any CPU
		Release|Any CPU = Release|Any CPU
	EndGlobalSection
	GlobalSection(ProjectConfigurationPlatforms) = postSolution
		{99217D55-4951-4ED2-A888-EF2A02405268}.Debug|Any CPU.ActiveCfg = Debug|Any CPU
		{99217D55-4951-4ED2-A888-EF2A02405268}.Debug|Any CPU.Build.0 = Debug|Any CPU
		{99217D55-4951-4ED2-A888-EF2A02405268}.Release|Any CPU.ActiveCfg = Release|Any CPU
		{99217D55-4951-4ED2-A888-EF2A02405268}.Release|Any CPU.Build.0 = Release|Any CPU
	EndGlobalSection
	GlobalSection(SolutionProperties) = preSolution
		HideSolutionNode = FALSE
	EndGlobalSection
	GlobalSection(ExtensibilityGlobals) = postSolution
		SolutionGuid = {90211E2A-D9A7-4B4E-B9A3-6272D5B0C405}
	EndGlobalSection
EndGlobal
