
Microsoft Visual Studio Solution File, Format Version 12.00
# Visual Studio 15
VisualStudioVersion = 15.0.26730.16
MinimumVisualStudioVersion = 10.0.40219.1
Project("{FAE04EC0-301F-11D3-BF4B-00C04F79EFBC}") = "aspimageupload", "aspimageupload\aspimageupload.csproj", "{7A15BCE7-F654-4931-B80E-D60F4FDCDC5F}"
EndProject
Global
	GlobalSection(SolutionConfigurationPlatforms) = preSolution
		Debug|Any CPU = Debug|Any CPU
		Release|Any CPU = Release|Any CPU
	EndGlobalSection
	GlobalSection(ProjectConfigurationPlatforms) = postSolution
		{7A15BCE7-F654-4931-B80E-D60F4FDCDC5F}.Debug|Any CPU.ActiveCfg = Debug|Any CPU
		{7A15BCE7-F654-4931-B80E-D60F4FDCDC5F}.Debug|Any CPU.Build.0 = Debug|Any CPU
		{7A15BCE7-F654-4931-B80E-D60F4FDCDC5F}.Release|Any CPU.ActiveCfg = Release|Any CPU
		{7A15BCE7-F654-4931-B80E-D60F4FDCDC5F}.Release|Any CPU.Build.0 = Release|Any CPU
	EndGlobalSection
	GlobalSection(SolutionProperties) = preSolution
		HideSolutionNode = FALSE
	EndGlobalSection
	GlobalSection(ExtensibilityGlobals) = postSolution
		SolutionGuid = {C5134001-B071-4970-B4AE-826897805ED3}
	EndGlobalSection
EndGlobal
