
Microsoft Visual Studio Solution File, Format Version 12.00
# Visual Studio 15
VisualStudioVersion = 15.0.26730.16
MinimumVisualStudioVersion = 10.0.40219.1
Project("{FAE04EC0-301F-11D3-BF4B-00C04F79EFBC}") = "delegate type", "delegate type\delegate type.csproj", "{26676745-5DE8-4A18-AF04-C0315E71C724}"
EndProject
Global
	GlobalSection(SolutionConfigurationPlatforms) = preSolution
		Debug|Any CPU = Debug|Any CPU
		Release|Any CPU = Release|Any CPU
	EndGlobalSection
	GlobalSection(ProjectConfigurationPlatforms) = postSolution
		{26676745-5DE8-4A18-AF04-C0315E71C724}.Debug|Any CPU.ActiveCfg = Debug|Any CPU
		{26676745-5DE8-4A18-AF04-C0315E71C724}.Debug|Any CPU.Build.0 = Debug|Any CPU
		{26676745-5DE8-4A18-AF04-C0315E71C724}.Release|Any CPU.ActiveCfg = Release|Any CPU
		{26676745-5DE8-4A18-AF04-C0315E71C724}.Release|Any CPU.Build.0 = Release|Any CPU
	EndGlobalSection
	GlobalSection(SolutionProperties) = preSolution
		HideSolutionNode = FALSE
	EndGlobalSection
	GlobalSection(ExtensibilityGlobals) = postSolution
		SolutionGuid = {E23856A0-5692-4050-B1FB-00329B5FB734}
	EndGlobalSection
EndGlobal
